
Microsoft Visual Studio Solution File, Format Version 12.00
# Visual Studio Version 17
VisualStudioVersion = 17.13.35913.81 d17.13
MinimumVisualStudioVersion = 10.0.40219.1
Project("{FAE04EC0-301F-11D3-BF4B-00C04F79EFBC}") = "EmprestimoEquipamentos", "EmprestimoEquipamentos\EmprestimoEquipamentos.csproj", "{2682B475-FD7F-420F-9BD2-0EB9191DC38D}"
EndProject
Global
	GlobalSection(SolutionConfigurationPlatforms) = preSolution
		Debug|Any CPU = Debug|Any CPU
		Release|Any CPU = Release|Any CPU
	EndGlobalSection
	GlobalSection(ProjectConfigurationPlatforms) = postSolution
		{2682B475-FD7F-420F-9BD2-0EB9191DC38D}.Debug|Any CPU.ActiveCfg = Debug|Any CPU
		{2682B475-FD7F-420F-9BD2-0EB9191DC38D}.Debug|Any CPU.Build.0 = Debug|Any CPU
		{2682B475-FD7F-420F-9BD2-0EB9191DC38D}.Release|Any CPU.ActiveCfg = Release|Any CPU
		{2682B475-FD7F-420F-9BD2-0EB9191DC38D}.Release|Any CPU.Build.0 = Release|Any CPU
	EndGlobalSection
	GlobalSection(SolutionProperties) = preSolution
		HideSolutionNode = FALSE
	EndGlobalSection
	GlobalSection(ExtensibilityGlobals) = postSolution
		SolutionGuid = {A92236A1-7736-4828-8341-6682214B62FD}
	EndGlobalSection
EndGlobal
